
Microsoft Visual Studio Solution File, Format Version 12.00
# Visual Studio Version 17
VisualStudioVersion = 17.0.31903.59
MinimumVisualStudioVersion = 10.0.40219.1
Project("{2150E333-8FDC-42A3-9474-1A3956D46DE8}") = "src", "src", "{AD9F5461-B5C0-44A6-B333-B010CBAA14CB}"
EndProject
Project("{FAE04EC0-301F-11D3-BF4B-00C04F79EFBC}") = "Primal.Infrastructure", "src\Primal.Infrastructure\Primal.Infrastructure.csproj", "{75F281A3-0107-42D1-9BF6-7202F70E52B8}"
EndProject
Project("{FAE04EC0-301F-11D3-BF4B-00C04F79EFBC}") = "Primal.Domain", "src\Primal.Domain\Primal.Domain.csproj", "{BEFA8A05-B5F8-4707-91F4-F706186F50D3}"
EndProject
Project("{FAE04EC0-301F-11D3-BF4B-00C04F79EFBC}") = "Primal.Application", "src\Primal.Application\Primal.Application.csproj", "{90F038C0-7353-453B-994D-D1D16294B5C4}"
EndProject
Project("{FAE04EC0-301F-11D3-BF4B-00C04F79EFBC}") = "Primal.Api", "src\Primal.Api\Primal.Api.csproj", "{BEB6E23F-28C0-4B71-B304-77D7B624D52A}"
EndProject
Global
	GlobalSection(SolutionConfigurationPlatforms) = preSolution
		Debug|Any CPU = Debug|Any CPU
		Release|Any CPU = Release|Any CPU
	EndGlobalSection
	GlobalSection(SolutionProperties) = preSolution
		HideSolutionNode = FALSE
	EndGlobalSection
	GlobalSection(ProjectConfigurationPlatforms) = postSolution
		{75F281A3-0107-42D1-9BF6-7202F70E52B8}.Debug|Any CPU.ActiveCfg = Debug|Any CPU
		{75F281A3-0107-42D1-9BF6-7202F70E52B8}.Debug|Any CPU.Build.0 = Debug|Any CPU
		{75F281A3-0107-42D1-9BF6-7202F70E52B8}.Release|Any CPU.ActiveCfg = Release|Any CPU
		{75F281A3-0107-42D1-9BF6-7202F70E52B8}.Release|Any CPU.Build.0 = Release|Any CPU
		{BEFA8A05-B5F8-4707-91F4-F706186F50D3}.Debug|Any CPU.ActiveCfg = Debug|Any CPU
		{BEFA8A05-B5F8-4707-91F4-F706186F50D3}.Debug|Any CPU.Build.0 = Debug|Any CPU
		{BEFA8A05-B5F8-4707-91F4-F706186F50D3}.Release|Any CPU.ActiveCfg = Release|Any CPU
		{BEFA8A05-B5F8-4707-91F4-F706186F50D3}.Release|Any CPU.Build.0 = Release|Any CPU
		{90F038C0-7353-453B-994D-D1D16294B5C4}.Debug|Any CPU.ActiveCfg = Debug|Any CPU
		{90F038C0-7353-453B-994D-D1D16294B5C4}.Debug|Any CPU.Build.0 = Debug|Any CPU
		{90F038C0-7353-453B-994D-D1D16294B5C4}.Release|Any CPU.ActiveCfg = Release|Any CPU
		{90F038C0-7353-453B-994D-D1D16294B5C4}.Release|Any CPU.Build.0 = Release|Any CPU
		{BEB6E23F-28C0-4B71-B304-77D7B624D52A}.Debug|Any CPU.ActiveCfg = Debug|Any CPU
		{BEB6E23F-28C0-4B71-B304-77D7B624D52A}.Debug|Any CPU.Build.0 = Debug|Any CPU
		{BEB6E23F-28C0-4B71-B304-77D7B624D52A}.Release|Any CPU.ActiveCfg = Release|Any CPU
		{BEB6E23F-28C0-4B71-B304-77D7B624D52A}.Release|Any CPU.Build.0 = Release|Any CPU
	EndGlobalSection
	GlobalSection(NestedProjects) = preSolution
		{75F281A3-0107-42D1-9BF6-7202F70E52B8} = {AD9F5461-B5C0-44A6-B333-B010CBAA14CB}
		{BEFA8A05-B5F8-4707-91F4-F706186F50D3} = {AD9F5461-B5C0-44A6-B333-B010CBAA14CB}
		{90F038C0-7353-453B-994D-D1D16294B5C4} = {AD9F5461-B5C0-44A6-B333-B010CBAA14CB}
		{BEB6E23F-28C0-4B71-B304-77D7B624D52A} = {AD9F5461-B5C0-44A6-B333-B010CBAA14CB}
	EndGlobalSection
EndGlobal
